
Microsoft Visual Studio Solution File, Format Version 12.00
Project("{FAE04EC0-301F-11D3-BF4B-00C04F79EFBC}") = "ALaTrivia", "ALaTrivia\ALaTrivia.csproj", "{196EF6EA-E17F-48D7-A77B-B550D50E5EF5}"
EndProject
Project("{2150E333-8FDC-42A3-9474-1A3956D46DE8}") = "Solution Items", "Solution Items", "{5F142E6B-294F-4145-AE8E-A9C0919BDABE}"
	ProjectSection(SolutionItems) = preProject
		docker-compose.yml = docker-compose.yml
		.env = .env
		.env.template = .env.template
	EndProjectSection
EndProject
Global
	GlobalSection(SolutionConfigurationPlatforms) = preSolution
		Debug|Any CPU = Debug|Any CPU
		Release|Any CPU = Release|Any CPU
	EndGlobalSection
	GlobalSection(ProjectConfigurationPlatforms) = postSolution
		{196EF6EA-E17F-48D7-A77B-B550D50E5EF5}.Debug|Any CPU.ActiveCfg = Debug|Any CPU
		{196EF6EA-E17F-48D7-A77B-B550D50E5EF5}.Debug|Any CPU.Build.0 = Debug|Any CPU
		{196EF6EA-E17F-48D7-A77B-B550D50E5EF5}.Release|Any CPU.ActiveCfg = Release|Any CPU
		{196EF6EA-E17F-48D7-A77B-B550D50E5EF5}.Release|Any CPU.Build.0 = Release|Any CPU
	EndGlobalSection
EndGlobal
